
Microsoft Visual Studio Solution File, Format Version 12.00
# Visual Studio Version 16
VisualStudioVersion = 16.0.31624.102
MinimumVisualStudioVersion = 10.0.40219.1
Project("{FAE04EC0-301F-11D3-BF4B-00C04F79EFBC}") = "aoc2021", "aoc2021\aoc2021.csproj", "{5F413871-799F-48E7-9866-A5498E55D34E}"
EndProject
Global
	GlobalSection(SolutionConfigurationPlatforms) = preSolution
		Debug|Any CPU = Debug|Any CPU
		Release|Any CPU = Release|Any CPU
	EndGlobalSection
	GlobalSection(ProjectConfigurationPlatforms) = postSolution
		{5F413871-799F-48E7-9866-A5498E55D34E}.Debug|Any CPU.ActiveCfg = Debug|Any CPU
		{5F413871-799F-48E7-9866-A5498E55D34E}.Debug|Any CPU.Build.0 = Debug|Any CPU
		{5F413871-799F-48E7-9866-A5498E55D34E}.Release|Any CPU.ActiveCfg = Release|Any CPU
		{5F413871-799F-48E7-9866-A5498E55D34E}.Release|Any CPU.Build.0 = Release|Any CPU
	EndGlobalSection
	GlobalSection(SolutionProperties) = preSolution
		HideSolutionNode = FALSE
	EndGlobalSection
	GlobalSection(ExtensibilityGlobals) = postSolution
		SolutionGuid = {877DF064-566C-4CCE-83A0-9AB909ED5121}
	EndGlobalSection
EndGlobal
